
Microsoft Visual Studio Solution File, Format Version 12.00
# Visual Studio 2013
VisualStudioVersion = 12.0.31101.0
MinimumVisualStudioVersion = 10.0.40219.1
Project("{FAE04EC0-301F-11D3-BF4B-00C04F79EFBC}") = "Jokenpo", "Jokenpo\Jokenpo.csproj", "{C04AF7B5-04EB-4C33-95E4-D698AE3D9F37}"
EndProject
Project("{FAE04EC0-301F-11D3-BF4B-00C04F79EFBC}") = "BLL", "BLL\BLL.csproj", "{01FFEB47-889A-4BE5-9D66-3C0718889A21}"
EndProject
Project("{FAE04EC0-301F-11D3-BF4B-00C04F79EFBC}") = "DAL", "DAL\DAL.csproj", "{1BC42972-9F5A-435F-9A61-86D9899BE65B}"
EndProject
Project("{FAE04EC0-301F-11D3-BF4B-00C04F79EFBC}") = "Entidades", "Entidades\Entidades.csproj", "{8CC793D4-BD42-4C44-A276-53B0DD47812D}"
EndProject
Global
	GlobalSection(SolutionConfigurationPlatforms) = preSolution
		Debug|Any CPU = Debug|Any CPU
		Release|Any CPU = Release|Any CPU
	EndGlobalSection
	GlobalSection(ProjectConfigurationPlatforms) = postSolution
		{C04AF7B5-04EB-4C33-95E4-D698AE3D9F37}.Debug|Any CPU.ActiveCfg = Debug|Any CPU
		{C04AF7B5-04EB-4C33-95E4-D698AE3D9F37}.Debug|Any CPU.Build.0 = Debug|Any CPU
		{C04AF7B5-04EB-4C33-95E4-D698AE3D9F37}.Release|Any CPU.ActiveCfg = Release|Any CPU
		{C04AF7B5-04EB-4C33-95E4-D698AE3D9F37}.Release|Any CPU.Build.0 = Release|Any CPU
		{01FFEB47-889A-4BE5-9D66-3C0718889A21}.Debug|Any CPU.ActiveCfg = Debug|Any CPU
		{01FFEB47-889A-4BE5-9D66-3C0718889A21}.Debug|Any CPU.Build.0 = Debug|Any CPU
		{01FFEB47-889A-4BE5-9D66-3C0718889A21}.Release|Any CPU.ActiveCfg = Release|Any CPU
		{01FFEB47-889A-4BE5-9D66-3C0718889A21}.Release|Any CPU.Build.0 = Release|Any CPU
		{1BC42972-9F5A-435F-9A61-86D9899BE65B}.Debug|Any CPU.ActiveCfg = Debug|Any CPU
		{1BC42972-9F5A-435F-9A61-86D9899BE65B}.Debug|Any CPU.Build.0 = Debug|Any CPU
		{1BC42972-9F5A-435F-9A61-86D9899BE65B}.Release|Any CPU.ActiveCfg = Release|Any CPU
		{1BC42972-9F5A-435F-9A61-86D9899BE65B}.Release|Any CPU.Build.0 = Release|Any CPU
		{8CC793D4-BD42-4C44-A276-53B0DD47812D}.Debug|Any CPU.ActiveCfg = Debug|Any CPU
		{8CC793D4-BD42-4C44-A276-53B0DD47812D}.Debug|Any CPU.Build.0 = Debug|Any CPU
		{8CC793D4-BD42-4C44-A276-53B0DD47812D}.Release|Any CPU.ActiveCfg = Release|Any CPU
		{8CC793D4-BD42-4C44-A276-53B0DD47812D}.Release|Any CPU.Build.0 = Release|Any CPU
	EndGlobalSection
	GlobalSection(SolutionProperties) = preSolution
		HideSolutionNode = FALSE
	EndGlobalSection
EndGlobal
